github.com/mhale/smtpd v0.8.0 h1:5JvdsehCg33PQrZBvFyDMMUDQmvbzVpZgKob7eYBJc0=
github.com/mhale/smtpd v0.8.0/go.mod h1:MQl+y2hwIEQCXtNhe5+55n0GZOjSmeqORDIXbqUL3x4=
github.com/pkg/errors v0.9.1 h1:FEBLx1zS214owpjy7qsBeixbURkuhQAwrK5UwLGTwt4=
github.com/pkg/errors v0.9.1/go.mod h1:bwawxfHBFNV+L2hUp1rHADufV3IMtnDRdf1r5NINEl0=
